{
    "_meta": {
        "hash": {
            "sha256": "79e32f788b866a4c5c30b261ac45f7a822344ce64ce979dd3514d17e93f3215a"
        },
        "pipfile-spec": 6,
        "requires": {
            "python_version": "3.6"
        },
        "sources": [
            {
                "name": "pypi",
                "url": "https://pypi.org/simple",
                "verify_ssl": true
            }
        ]
    },
    "default": {
        "aiobotocore": {
            "hashes": [
                "sha256:457549acaf3a3d10ad8a6256ec5b791ea885e4d2fa11783d22bb8f411a058141",
                "sha256:54b23e3ac82955caa90ea320301255a4c738ff0a827599f57129e3f1d883c9ba"
            ],
            "markers": "python_version >= '3.6'",
            "version": "==1.1.2"
        },
        "aiohttp": {
            "hashes": [
                "sha256:027be45c4b37e21be81d07ae5242361d73eebad1562c033f80032f955f34df82",
                "sha256:06efdb01ab71ec20786b592d510d1d354fbe0b2e4449ee47067b9ca65d45a006",
                "sha256:0989ff15834a4503056d103077ec3652f9ea5699835e1ceaee46b91cf59830bf",
                "sha256:11e087c316e933f1f52f3d4a09ce13f15ad966fc43df47f44ca4e8067b6a2e0d",
                "sha256:184ead67248274f0e20b0cd6bb5f25209b2fad56e5373101cc0137c32c825c87",
                "sha256:1c36b7ef47cfbc150314c2204cd73613d96d6d0982d41c7679b7cdcf43c0e979",
                "sha256:2aea79734ac5ceeac1ec22b4af4efb4efd6a5ca3d73d77ec74ed782cf318f238",
                "sha256:2e886611b100c8c93b753b457e645c5e4b8008ec443434d2a480e5a2bb3e6514",
                "sha256:476b1f8216e59a3c2ffb71b8d7e1da60304da19f6000d422bacc371abb0fc43d",
                "sha256:48104c883099c0e614c5c38f98c1d174a2c68f52f58b2a6e5a07b59df78262ab",
                "sha256:4afd8002d9238e5e93acf1a8baa38b3ddf1f7f0ebef174374131ff0c6c2d7973",
                "sha256:547b196a7177511da4f475fc81d0bb88a51a8d535c7444bbf2338b6dc82cb996",
                "sha256:67f8564c534d75c1d613186939cee45a124d7d37e7aece83b17d18af665b0d7a",
                "sha256:6e0d1231a626d07b23f6fe904caa44efb249da4222d8a16ab039fb2348722292",
                "sha256:7e26712871ebaf55497a60f55483dc5e74326d1fb0bfceab86ebaeaa3a266733",
                "sha256:7f1aeb72f14b9254296cdefa029c00d3c4550a26e1059084f2ee10d22086c2d0",
                "sha256:8319a55de469d5af3517dfe1f6a77f248f6668c5a552396635ef900f058882ef",
                "sha256:835bd35e14e4f36414e47c195e6645449a0a1c3fd5eeae4b7f22cb4c5e4f503a",
                "sha256:89c1aa729953b5ac6ca3c82dcbd83e7cdecfa5cf9792c78c154a642e6e29303d",
                "sha256:8a8addd41320637c1445fea0bae1fd9fe4888acc2cd79217ee33e5d1c83cfe01",
                "sha256:8fbeeb2296bb9fe16071a674eadade7391be785ae0049610e64b60ead6abcdd7",
                "sha256:a1f1cc11c9856bfa7f1ca55002c39070bde2a97ce48ef631468e99e2ac8e3fe6",
                "sha256:ad5c3559e3cd64f746df43fa498038c91aa14f5d7615941ea5b106e435f3b892",
                "sha256:b822bf7b764283b5015e3c49b7bb93f37fc03545f4abe26383771c6b1c813436",
                "sha256:b84cef790cb93cec82a468b7d2447bf16e3056d2237b652e80f57d653b61da88",
                "sha256:be9fa3fe94fc95e9bf84e84117a577c892906dd3cb0a95a7ae21e12a84777567",
                "sha256:c53f1d2bd48f5f407b534732f5b3c6b800a58e70b53808637848d8a9ee127fe7",
                "sha256:c588a0f824dc7158be9eec1ff465d1c868ad69a4dc518cd098cc11e4f7da09d9",
                "sha256:c6da1af59841e6d43255d386a2c4bfb59c0a3b262bdb24325cc969d211be6070",
                "sha256:c9a415f4f2764ab6c7d63ee6b86f02a46b4df9bc11b0de7ffef206908b7bf0b4",
                "sha256:cdbb65c361ff790c424365a83a496fc8dd1983689a5fb7c6852a9a3ff1710c61",
                "sha256:f04dcbf6af1868048a9b4754b1684c669252aa2419aa67266efbcaaead42ced7",
                "sha256:f8c583c31c6e790dc003d9d574e3ed2c5b337947722965096c4d684e4f183570"
            ],
            "markers": "python_version >= '3.6'",
            "version": "==3.7.2"
        },
        "aioitertools": {
            "hashes": [
                "sha256:341cb05a0903177ef1b73d4cc12c92aee18e81c364e0138f4efc7ec3c47b8177",
                "sha256:e931a2f0dcabd4a8446b5cc2fc71b8bb14716e6adf37728a70869213f1f741cd"
            ],
            "markers": "python_version >= '3.6'",
            "version": "==0.7.0"
        },
        "async-timeout": {
            "hashes": [
                "sha256:0c3c816a028d47f659d6ff5c745cb2acf1f966da1fe5c19c77a70282b25f4c5f",
                "sha256:4291ca197d287d274d0b6cb5d6f8f8f82d434ed288f962539ff18cc9012f9ea3"
            ],
            "markers": "python_full_version >= '3.5.3'",
            "version": "==3.0.1"
        },
        "attrs": {
            "hashes": [
                "sha256:31b2eced602aa8423c2aea9c76a724617ed67cf9513173fd3a4f03e3a929c7e6",
                "sha256:832aa3cde19744e49938b91fea06d69ecb9e649c93ba974535d08ad92164f700"
            ],
            "markers": "python_version >= '2.7' and python_version not in '3.0, 3.1, 3.2, 3.3'",
            "version": "==20.3.0"
        },
        "botocore": {
            "hashes": [
                "sha256:1b46ffe1d13922066c873323186cbf97e77c137e08e27039d9d684552ccc4892",
                "sha256:1f6175bf59ffa068055b65f7d703eb1f748c338594a40dfdc645a6130280d8bb"
            ],
            "version": "==1.17.44"
        },
        "certifi": {
            "hashes": [
                "sha256:5930595817496dd21bb8dc35dad090f1c2cd0adfaf21204bf6732ca5d8ee34d3",
                "sha256:8fc0819f1f30ba15bdb34cceffb9ef04d99f420f68eb75d901e9560b8749fc41"
            ],
            "version": "==2020.6.20"
        },
        "chardet": {
            "hashes": [
                "sha256:84ab92ed1c4d4f16916e05906b6b75a6c0fb5db821cc65e70cbd64a3e2a5eaae",
                "sha256:fc323ffcaeaed0e0a02bf4d117757b98aed530d9ed4531e3e15460124c106691"
            ],
            "version": "==3.0.4"
        },
        "cycler": {
            "hashes": [
                "sha256:1d8a5ae1ff6c5cf9b93e8811e581232ad8920aeec647c37316ceac982b08cb2d",
                "sha256:cd7b2d1018258d7247a71425e9f26463dfb444d411c39569972f4ce586b0c9d8"
            ],
            "version": "==0.10.0"
        },
        "dataclasses": {
            "hashes": [
                "sha256:3459118f7ede7c8bea0fe795bff7c6c2ce287d01dd226202f7c9ebc0610a7836",
                "sha256:494a6dcae3b8bcf80848eea2ef64c0cc5cd307ffc263e17cdf42f3e5420808e6"
            ],
            "markers": "python_version >= '3.6' and python_version < '3.7'",
            "version": "==0.7"
        },
        "decorator": {
            "hashes": [
                "sha256:41fa54c2a0cc4ba648be4fd43cff00aedf5b9465c9bf18d64325bc225f08f760",
                "sha256:e3a62f0520172440ca0dcc823749319382e377f37f140a0b99ef45fecb84bfe7"
            ],
            "version": "==4.4.2"
        },
        "docutils": {
            "hashes": [
                "sha256:6c4f696463b79f1fb8ba0c594b63840ebd41f059e92b31957c46b74a4599b6d0",
                "sha256:9e4d7ecfc600058e07ba661411a2b7de2fd0fafa17d1a7f7361cd47b1175c827",
                "sha256:a2aeea129088da402665e92e0b25b04b073c04b2dce4ab65caaa38b7ce2e1a99"
            ],
            "markers": "python_version >= '2.6' and python_version not in '3.0, 3.1, 3.2'",
            "version": "==0.15.2"
        },
        "fsspec": {
            "hashes": [
                "sha256:404194b0cf93128d980689fe9a49013ee9676edd1ab7f0f15b737b2cedb0ab88",
                "sha256:e1e494d4814f6804769f3c7bfd7a722a15113cc0339d14755297f09306b8f21f"
            ],
            "markers": "python_version >= '3.7'",
            "version": "==0.8.4"
        },
        "future": {
            "hashes": [
                "sha256:b1bead90b70cf6ec3f0710ae53a525360fa360d306a86583adc6bf83a4db537d"
            ],
            "markers": "python_version >= '2.6' and python_version not in '3.0, 3.1, 3.2'",
            "version": "==0.18.2"
        },
        "glob2": {
            "hashes": [
                "sha256:58c64a566a84a4ffed98e3bc2346f9d5d761df6203bf7b1c854d4c2edd332bc9",
                "sha256:8f944b87ac4deaf39b0dce419665b40a3acb66a9ad3b07945e109246bb66fe9f"
            ],
            "index": "pypi",
            "version": "==0.5"
        },
        "idna": {
            "hashes": [
                "sha256:b307872f855b18632ce0c21c5e45be78c0ea7ae4c15c828c20788b26921eb3f6",
                "sha256:b97d804b1e9b523befed77c48dacec60e6dcb0b5391d57af6a65a312a90648c0"
            ],
            "markers": "python_version >= '2.7' and python_version not in '3.0, 3.1, 3.2, 3.3'",
            "version": "==2.10"
        },
        "idna-ssl": {
            "hashes": [
                "sha256:a933e3bb13da54383f9e8f35dc4f9cb9eb9b3b78c6b36f311254d6d0d92c6c7c"
            ],
            "markers": "python_version < '3.7'",
            "version": "==1.1.0"
        },
        "jmespath": {
            "hashes": [
                "sha256:b85d0567b8666149a93172712e68920734333c0ce7e89b78b3e987f71e5ed4f9",
                "sha256:cdf6525904cc597730141d61b36f2e4b8ecc257c420fa2f4549bac2c2d0cb72f"
            ],
            "markers": "python_version >= '2.6' and python_version not in '3.0, 3.1, 3.2'",
            "version": "==0.10.0"
        },
        "matplotlib": {
            "hashes": [
                "sha256:063a07660bee266c947e5ac0044053074c3ff3e5398614538d21c29b622ed0bd",
                "sha256:09214eb11171a8426c9c89a236f05f26a76b204e5346dd4382ddcfb74820d467",
                "sha256:11c7ed4716833c5b70f72f6c795a948d413e2af659442aa145d1e91868393084",
                "sha256:14b0ab89e58621105c7b2cfd5ddc6cf13a87ac7cbcc73c287e4003d1f5e40fae",
                "sha256:226f9c3799c16fdfc9be4b64bee2f1956626eddb58b24359247b0fb72afd76a0",
                "sha256:353b56cd2fed8977767356cb686e3bf74789a4abd81e4bdfc4d57b40679fe057",
                "sha256:4a2d2d97266e4e199266b7e409e5e8be4d3b26b4bad2702b70a8ae18f52d97b4",
                "sha256:4b5f16c9cefde553ea79975305dcaa67c8e13d927b6e55aa14b4a8d867e25387",
                "sha256:50aef54b4f947001667c775b1973928cdb3e33024cb93f81b5b024b34b1488a7",
                "sha256:5c50343bc8e70f2b811188790fa899430062ce37696a166374239c838015a995",
                "sha256:a5ba34f1b4d1e81be4df0fd033abd8062dbce2eca5b3a25339edb31e4390568a",
                "sha256:b2e3b1eaf3a2753a1a63826bf4ab7487b383fbef5ef4941b25f4193baaa95d95",
                "sha256:c665d3daf24f95acbd1541681ab1185e283afc046fe4175bfceab2cf26a8620b",
                "sha256:c8579a840a1bd93e00a273aac0be3edd94b805fe4cd2156f01611622032188d1",
                "sha256:d0d7036045e6a08663e428e4ea4af69164cdd79c486d31be835bb2ca7f5f1962",
                "sha256:ea24f02268149aebe4f239635da8183f4e43f9116eebf8fcd365e2d04bc821fe",
                "sha256:f490f684a241cd88003afebc356f5c69bdced22e549fbd50b914f7fe07ce4fa3",
                "sha256:fa6155cf41857135bff125419256ccab6ce81e0cd63fac60a7c673efa8a989dd"
            ],
            "index": "pypi",
            "version": "==2.1.0"
        },
        "multidict": {
            "hashes": [
                "sha256:02b2ea2bb1277a970d238c5c783023790ca94d386c657aeeb165259950951cc6",
                "sha256:0ce1d956ecbf112d49915ebc2f29c03e35fe451fb5e9f491edf9a2f4395ee0af",
                "sha256:0ffdb4b897b15df798c0a5939a0323ccf703f2bae551dfab4eb1af7fbab38ead",
                "sha256:11dcf2366da487d5b9de1d4b2055308c7ed9bde1a52973d07a89b42252af9ebe",
                "sha256:167bd8e6351b57525bbf2d524ca5a133834699a2fcb090aad0c330c6017f3f3e",
                "sha256:1b324444299c3a49b601b1bf621fc21704e29066f6ac2b7d7e4034a4a18662a1",
                "sha256:20eaf1c279c543e07c164e4ac02151488829177da06607efa7ccfecd71b21e79",
                "sha256:2739d1d9237835122b27d88990849ecf41ef670e0fcb876159edd236ca9ef40f",
                "sha256:28b5913e5b6fef273e5d4230b61f33c8a51c3ce5f44a88582dee6b5ca5c9977b",
                "sha256:2b0cfc33f53e5c8226f7d7c4e126fa0780f970ef1e96f7c6353da7d01eafe490",
                "sha256:32f0a904859a6274d7edcbb01752c8ae9c633fb7d1c131771ff5afd32eceee42",
                "sha256:39713fa2c687e0d0e709ad751a8a709ac051fcdc7f2048f6fd09365dd03c83eb",
                "sha256:4ef76ce695da72e176f6a51867afb3bf300ce16ba2597824caaef625af5906a9",
                "sha256:5263359a03368985b5296b7a73363d761a269848081879ba04a6e4bfd0cf4a78",
                "sha256:52b5b51281d760197ce3db063c166fdb626e01c8e428a325aa37198ce31c9565",
                "sha256:5dd303b545b62f9d2b14f99fbdb84c109a20e64a57f6a192fe6aebcb6263b59d",
                "sha256:60af726c19a899ed49bbb276e062f08b80222cb6b9feda44b59a128b5ff52966",
                "sha256:60b12d14bc122ba2dae1e4460a891b3a96e73d815b4365675f6ec0a1725416a5",
                "sha256:620c39b1270b68e194023ad471b6a54bdb517bb48515939c9829b56c783504a3",
                "sha256:62f6e66931fb87e9016e7c1cc806ab4f3e39392fd502362df3cac888078b27cb",
                "sha256:711289412b78cf41a21457f4c806890466013d62bf4296bd3d71fad73ff8a581",
                "sha256:7561a804093ea4c879e06b5d3d18a64a0bc21004bade3540a4b31342b528d326",
                "sha256:786ad04ad954afe9927a1b3049aa58722e182160fe2fcac7ad7f35c93595d4f6",
                "sha256:79dc3e6e7ce853fb7ed17c134e01fcb0d0c826b33201aa2a910fb27ed75c2eb9",
                "sha256:84e4943d8725659942e7401bdf31780acde9cfdaf6fe977ff1449fffafcd93a9",
                "sha256:932964cf57c0e59d1f3fb63ff342440cf8aaa75bf0dbcbad902c084024975380",
                "sha256:a5eca9ee72b372199c2b76672145e47d3c829889eefa2037b1f3018f54e5f67d",
                "sha256:aad240c1429e386af38a2d6761032f0bec5177fed7c5f582c835c99fff135b5c",
                "sha256:bbec545b8f82536bc50afa9abce832176ed250aa22bfff3e20b3463fb90b0b35",
                "sha256:c339b7d73c0ea5c551025617bb8aa1c00a0111187b6545f48836343e6cfbe6a0",
                "sha256:c692087913e12b801a759e25a626c3d311f416252dfba2ecdfd254583427949f",
                "sha256:cda06c99cd6f4a36571bb38e560a6fcfb1f136521e57f612e0bc31957b1cd4bd",
                "sha256:ec8bc0ab00c76c4260a201eaa58812ea8b1b7fde0ecf5f9c9365a182bd4691ed"
            ],
            "markers": "python_version >= '3.5'",
            "version": "==5.0.0"
        },
        "networkx": {
            "hashes": [
                "sha256:7978955423fbc9639c10498878be59caf99b44dc304c2286162fd24b458c1602",
                "sha256:8c5812e9f798d37c50570d15c4a69d5710a18d77bafc903ee9c5fba7454c616c"
            ],
            "markers": "python_version >= '3.6'",
            "version": "==2.5"
        },
        "numpy": {
            "hashes": [
                "sha256:09b87d652c03508447d0f618e1d3ae57595acd3e0f0c11ac91bf68ed7bdb3a28",
                "sha256:11fcbed36c101a3b9c4636e791efccba82409ebbedaba938c97be8bdddd029cc",
                "sha256:2875e8055a1ea8d933b1c9d0f8714c0aa11c097bfadfcb8564c4d868fbf09a41",
                "sha256:36ee86d5adbabc4fa2643a073f93d5504bdfed37a149a3a49f4dde259f35a750",
                "sha256:479863de17f66810db00bccf35289555365da45d3b053ccf539b95ab3b9c24f6",
                "sha256:4c767b6d9c9a071bb36ea34eb240ee5192fe0bc4c13be5e6c51e0350a30f7ac0",
                "sha256:539345898a4ae17421c159ae2a350901a5e6ce3da8f24168c6c67b3536e13de8",
                "sha256:62b09f3d1ea01d79c16a6642cb21599f53b9338c59971b2418a573155d2202ec",
                "sha256:6c6feb0647380db6e1d5d49ef9fb59c42240f25fb8df8b6e82ecb436c7e0621a",
                "sha256:7dfa5b49fb2a080bd0d39bfbcff1177bacb14fcb28c857fd65fd0c18938935de",
                "sha256:8969c8f987f8bcc3e30c014532cfc20e4a8f86a50c361596e086310853adacb7",
                "sha256:910e7ae5eeee8d322775187692c5c66719cd58d230fbfd57245ea3cf75716910",
                "sha256:929928932f91082a168e36984179deddd58f8e98822ad2f33a2955d7c4eec596",
                "sha256:9cad35b911e150f00bb8080950c7e9f172714bbd0234f5ab74b4e3e2d9288b37",
                "sha256:b162c6b044960b4ea0f42be049ce2af1d18c60f82748f0a27bd5ad182a731bf3",
                "sha256:b2f98838f4bbc3bf23af7e97ffcad18a2dc6bbb0726796781e02b9347af6685f",
                "sha256:c4b1914d86c43399438518a2ac8bcba2fb64dd5a18efddded3783b9daae70933",
                "sha256:c8dc6aa96882df6323bf9545934e37c6e05959bd789ae4b14d50509b093907aa",
                "sha256:d29e72413b66df23c75b9b469253c823698ea2e00f58e9e0df64b7a50696e8ac",
                "sha256:da2f47e46d7a93b73891d1981378717dc73c6ad5cc4fd23c934bfea7847fa958",
                "sha256:e8e0e75db757e41463888939d26c8058b4ecd25e563c597e9119f512dc0ee1da",
                "sha256:f5c9ca457057cd5e12ddab36cded8b1f38bf1f45bf550d4ca2839b11ec57f597",
                "sha256:fa656dccfa9141774440575a6e7875d08b93f4a332eb5ae40877b26bed291c01"
            ],
            "index": "pypi",
            "version": "==1.13.3"
        },
        "olefile": {
            "hashes": [
                "sha256:133b031eaf8fd2c9399b78b8bc5b8fcbe4c31e85295749bb17a87cba8f3c3964"
            ],
            "markers": "python_version >= '2.7' and python_version not in '3.0, 3.1, 3.2, 3.3'",
            "version": "==0.46"
        },
        "opencv-python": {
            "hashes": [
                "sha256:090eead5a4540153332a6b9739f86292dc86276c6620dbfad77d489171fe9d6f",
                "sha256:1348a80b5be4d5b94f8b6152ec34202c864b2c861cbbf17f328168ca712e2781",
                "sha256:15f0ede983153dae21820b2346b1608d266618bf4cbc4a2941ae8326d9981f3e",
                "sha256:1e06996ff9ed99170aa473099f9dcbaf424f456ae4274205219a09cade104691",
                "sha256:3775e938d7be26a7b73a043470d25710cab4f49d49b4f81f4e95082a3be76642",
                "sha256:3cbb46a9cb8a301ef3d2f394b6ddc379b7d1de296f3f1f8f39756e7d5c29cdf6",
                "sha256:5e3d742d8d8c73ad9717d27be3d42561873aa581b9a472197b094fb0f5d3d74a",
                "sha256:776c971e26464ecc6e2417d7f4f2300da72f891a81acf5616cc63c9344a2679b",
                "sha256:78a45fe1f4f2a8101b94b848f568846235c91647be1eb84284c1772d4eb7b824",
                "sha256:7f4fe54b0e07d67c63a0309a7d397e9e94d7e3465ec2b070666cebc4ea9889ae",
                "sha256:86a436b17337d888abe4c892a850af23b1692dab25045e27d62160691f494835",
                "sha256:8a38b57557cd019fe3510e902080d6682c278e76cdef5ff240020faa8d7ba5a0",
                "sha256:a73b7d655b2ac56f1309e85d26a310bc960356616b84474f863cb7cd0b85daaf",
                "sha256:adc304007b5adbaf739dc31e57b363bf2373f7da316c25a7e363f648075edb98",
                "sha256:b2c85f7809dfc5944653296f19008f9cc1a9a035bdc7857678db499006d8dcd1",
                "sha256:b80ffde508e005aab6401312b62d2fc4f11556090011b00cd890a193c8b9737b",
                "sha256:d3cdae3bae25f52fc3bcaee2b0a476d85df5ae2ee4d2c46efc0ca9ea44438974",
                "sha256:d46d4e2a8e3a81e7559c6b393bb276cba148fe45cc555a77559911ae9f444fb7",
                "sha256:e31a4fe3818ea0c776c74e3c7c407996a757c6593fcbb3bc4223687504a89749",
                "sha256:f162f7c4e11cf87346867b8287c543b980976b333cd1eb4fd956034b53c6dff5",
                "sha256:f34b19e2b879d8d3201600bfafb4b29fb40ac09f9704e96916a8e522944f8395",
                "sha256:f68995482d912dcaea884da1b60d7cced64a7cd9dd30f4c688ffebe245d11982"
            ],
            "index": "pypi",
            "version": "==3.4.0.12"
        },
        "pandas": {
            "hashes": [
                "sha256:0811ede1b9b338169803e04e665f8127283995223d296a2e61eca99d14f0a9a7",
                "sha256:09ab1d66f6db0e6bb74c15813fcfbd6f0f2a7a78c8824d56e285360833cd225c",
                "sha256:19eff29057c05e498e66b6c373860db0520adf2601647c7147022861a5be7dac",
                "sha256:25219ad2b5a203bfd6f84ab179594536eb00ef91b0c6615715450788f2306c80",
                "sha256:2595f720809a494c36e42d778bcb4bcc5aca4afd6a2dc783b927b73e1f7351ed",
                "sha256:26e9a0f4299f39816b469c83b2f3a04dcaa2727bde93469959ba63574f16e15a",
                "sha256:353608eeeac4d6666390998dd37689ba26920ec08c007fbe46fef98a4be5224b",
                "sha256:39732ac0ca2963eb78da570c16fb9dbf5c7f84409974ca15f32876091cb533a2",
                "sha256:39fda572ec544836bdc913b36f6efdbd453116c6fea8df24764cf10d86ba0ad6",
                "sha256:58b56065ac2298cdc6d12c69a34dc0d2315bb3827ca014a227b7412c5ee4204f",
                "sha256:6ea455587b3b2a73288f00476a5b20862052d69d287cda7aadff570a48972cbf",
                "sha256:70463d4e04a39fb530461a1e50c6068b14b668ccf756f5111599198e3db47cb8",
                "sha256:908e09bf7951162aa639a8414d511e2b7774922c6e14fb8af2ed67e5767b867b",
                "sha256:9677e26f40050c2262391df02674ae277d1cf137986b6611de4b4c86ddc62c08",
                "sha256:a53ab088ab3848a4140476e438e4ba41054f802ef432a188c5d849e41c7b2a9c",
                "sha256:a777e07633d83d546c55706420179551c8e01075b53c497dcf8ae4036766bc66",
                "sha256:aebedc41d9ffd5da31b28aa6d32c70a904432d0259eee4ff0da494395d7e4ed6",
                "sha256:bac73f33a578ee40cc96b7512bf8596cdc534892336e0cf4f8dde80eed7c916d",
                "sha256:cbaa99186712e697cb4775c625e7924cf17200a01bad441e6135c3a932f51d11",
                "sha256:d0e85e1d8c46758ab6a07467438b6a625e60532c5aab46b6bc570a3b8243c697",
                "sha256:d8635f161aadd23262ab94e0c2962dd6c727505a3c7e987e33f0172ab40a2f3a",
                "sha256:d8b636ee0a992551b5bfe5bb8518db3e56301ce21394993668c72fe2f23efaf0",
                "sha256:eea812e11da3f53fce9f8474a3ab42124e0ae4a359d9d1677d676cb3dfacb217",
                "sha256:fcc312dd529c91e0fdc074cb466367e856ee337f727aa739a77df49f647c8011"
            ],
            "index": "pypi",
            "version": "==0.20.3"
        },
        "pillow": {
            "hashes": [
                "sha256:19d1cc97bad8ace5d601f0a52680d9f9228b5a326ac4f710da931179681f2099",
                "sha256:1abe01535e3afab9360a81e7cd2ed33379a60a96c944b153a82235b7cef71fdb",
                "sha256:1cd69367c8f758692d619145bdafbdce5d9076e997d0280c1cc5093159406036",
                "sha256:20a3c42e67af2d7cebf4c71b27efe30dd4621e135e9457abc80d0117631883d3",
                "sha256:2136371b355be76e9d0360b1d16d87d303bcaa59b5107ee061cdc8f71b7c8e0f",
                "sha256:24e8bef1269598ef8f1f418575b12a15bb1a019ea177ad9445b197b8f209a7c8",
                "sha256:26861f6549e6d2133ca2d2db58e16459d8ac83e71616722e07ab267f7c010c15",
                "sha256:3c7274c0f2468c30c1698e1ccd19d7a6df32a4aa98fddf5b886c8e870c4b82fb",
                "sha256:3f265e43a0a93d2273138b5b2290d09927c253c49a166888ac15eda1a166e38a",
                "sha256:460702ebd8b025d949520c346e7a42cc830a453af30bbb7f50273e42c88615f0",
                "sha256:471f9e5b18277aa305c7024064ef0c9064bf8b819d46caac83bfae034ca90c03",
                "sha256:4757ad2eee627dca861289291512e66292ce535c2bc79210321c440381cf0901",
                "sha256:4be38c9ad2915e72579140d4fa3b79cccde29e8abe61ec2f8075d7a4f36b38df",
                "sha256:5b90cb8261a869353256f027daf8a5615e9e441980399808a25b7236a9c57098",
                "sha256:5bf88e8144a9ad520a452a34adbf4dd92cbbcb9899c2e4f4b387957966291f21",
                "sha256:5e46edde8f40c64ff497dd8cca959f38007e85acd5158252d68c8a0798fc2776",
                "sha256:6d3e1f98dfcba332000441f465ec585e7c834aa648e4a83f73ec1b807083a756",
                "sha256:7835c575bf744b2a6e5d48c480a37662b0ca247e9e54b217f6815fe57d6c5f9d",
                "sha256:795d41c6b6920907650ae1936e1e0b305ad5f4088deb9c3e9079d59fe60dbf4b",
                "sha256:7ff60c2ca880715fa9b36315932d9ff5838d05ebf2ea2b06c48a09c33be94684",
                "sha256:8197f06f2741310820d7a05add26418aee8e8f353bf6665a12ba9ad89a965a1d",
                "sha256:8218acb51e20ac2cbdc1358be48cbab72e36ebd47f2ba7367542296ef13470ea",
                "sha256:8fd9376fcce33902851642d013101a7e2f7b5d3e05bd98b960b62f1be72d7a65",
                "sha256:902d826f1f78f9d556c85bdfb776758eeabd28c9cf7a23dffd02a66678bd48d1",
                "sha256:99162bcec9d7d133da161d03b3423490418babf72be5dccd752852f409d00804",
                "sha256:a0d7888a64a9ab8c88410d2c235fb4685564dd07ec81a4b80b380d645f124f4d",
                "sha256:a168145bb95d3cedf7831eab05aa9ae2756a2ce900c281d281f76e64358caa09",
                "sha256:a1ba195e4f07e94c1c44cd651070b2b7d8328ef1bdccbee15549e684016df337",
                "sha256:a46df9776718170694dc20afc001baf6284506db8d150f54c089fabe82933b24",
                "sha256:a810b66a14500e203da8299b0e93c157b283a8baf81a9a631487d1b6890fb09f",
                "sha256:b818331ade410c660f754b489fd1bc5ff03b65d211746d1fa8537d60349eee75",
                "sha256:b8f8f50e2f1d85adec833607fed1f210962068e7807c62f266f3e53a0d81ac87",
                "sha256:bec34b7a66edc4ff92e5aed912cb4ebad6fe14e8a579f19ddcd8b352d76360a1",
                "sha256:c5fea3cf941e930df70b7e2fed65a411b80b674e1c71b8ae1ce84aba45e18d71",
                "sha256:c70b629025dc753b59c11b5f14d5522ef94dddd31a8fb03c449e8adfabdf482d",
                "sha256:c724f65870e545316f9e82e4c6d608ab5aa9dd82d5185e5b2e72119378740073",
                "sha256:c7ba8b42923c1b5e72fe3b0aa792de8ffc13c5a3d4df8e88f06959d0835fea8e",
                "sha256:c9441bcd6c6830f48d949bf0367ba2ee97b9f152a152378c5b4aa4183884c205",
                "sha256:caad21c655bf4627bcd4db8e48c6a965ea428339ab43ac3e41af9fbc58e8bde7",
                "sha256:d24423abff2c32f68e53371bbab2e3f1c7383138b04bfdae2291dfbbe7aeddf4",
                "sha256:d6ee5856903740f3f6878f7d9df3717a539cb2687e9205d7005399250f5de14f",
                "sha256:d95e55d237a7dfe422ac47e1b384eec2b306d06adb0f19486c08d760e5a6eb63",
                "sha256:e07f388cf345b002853eabb720c234b281119cf4c2677d7e0b9ec4d8f9a18fbd",
                "sha256:f3b444e683f269b9ca64c0c313ed140b3c3ff65280597b788815227423e0abfd",
                "sha256:fcb44ce29eaa1ea4c98d9b8e50544b521b794be1b746d6a457a26a07dfb01ef2",
                "sha256:fd2648a3bfd95a2a06625c03852523bb6eec6b9fde6a647b989c73719a099cc4",
                "sha256:fdc3bebc9d02632dadfdffabb442518e6f56df9fbb7b12eb7192e45982ee5531"
            ],
            "index": "pypi",
            "version": "==4.2.1"
        },
        "pyparsing": {
            "hashes": [
                "sha256:c203ec8783bf771a155b207279b9bccb8dea02d8f0c9e5f8ead507bc3246ecc1",
                "sha256:ef9d7589ef3c200abe66653d3f1ab1033c3c419ae9b9bdb1240a85b024efc88b"
            ],
            "markers": "python_version >= '2.6' and python_version not in '3.0, 3.1, 3.2'",
            "version": "==2.4.7"
        },
        "python-dateutil": {
            "hashes": [
                "sha256:73ebfe9dbf22e832286dafa60473e4cd239f8592f699aa5adaf10050e6e1823c",
                "sha256:75bb3f31ea686f1197762692a9ee6a7550b59fc6ca3a1f4b5d7e32fb98e2da2a"
            ],
            "markers": "python_version >= '2.7' and python_version not in '3.0, 3.1, 3.2'",
            "version": "==2.8.1"
        },
        "pytz": {
            "hashes": [
                "sha256:3e6b7dd2d1e0a59084bcee14a17af60c5c562cdc16d828e8eba2e683d3a7e268",
                "sha256:5c55e189b682d420be27c6995ba6edce0c0a77dd67bfbe2ae6607134d5851ffd"
            ],
            "version": "==2020.4"
        },
        "pywavelets": {
            "hashes": [
                "sha256:076ca8907001fdfe4205484f719d12b4a0262dfe6652fa1cfc3c5c362d14dc84",
                "sha256:18a51b3f9416a2ae6e9a35c4af32cf520dd7895f2b69714f4aa2f4342fca47f9",
                "sha256:1a64b40f6acb4ffbaccce0545d7fc641744f95351f62e4c6aaa40549326008c9",
                "sha256:2f7429eeb5bf9c7068002d0d7f094ed654c77a70ce5e6198737fd68ab85f8311",
                "sha256:35959c041ec014648575085a97b498eafbbaa824f86f6e4a59bfdef8a3fe6308",
                "sha256:39c74740718e420d38c78ca4498568fa57976d78d5096277358e0fa9629a7aea",
                "sha256:55e39ec848ceec13c9fa1598253ae9dd5c31d09dfd48059462860d2b908fb224",
                "sha256:6162dc0ae04669ea04b4b51420777b9ea2d30b0a9d02901b2a3b4d61d159c2e9",
                "sha256:68b5c33741d26c827074b3d8f0251de1c3019bb9567b8d303eb093c822ce28f1",
                "sha256:720dbcdd3d91c6dfead79c80bf8b00a1d8aa4e5d551dc528c6d5151e4efc3403",
                "sha256:7947e51ca05489b85928af52a34fe67022ab5b81d4ae32a4109a99e883a0635e",
                "sha256:79f5b54f9dc353e5ee47f0c3f02bebd2c899d49780633aa771fed43fa20b3149",
                "sha256:80b924edbc012ded8aa8b91cb2fd6207fb1a9a3a377beb4049b8a07445cec6f0",
                "sha256:889d4c5c5205a9c90118c1980df526857929841df33e4cd1ff1eff77c6817a65",
                "sha256:935ff247b8b78bdf77647fee962b1cc208c51a7b229db30b9ba5f6da3e675178",
                "sha256:98b2669c5af842a70cfab33a7043fcb5e7535a690a00cd251b44c9be0be418e5",
                "sha256:9e2528823ccf5a0a1d23262dfefe5034dce89cd84e4e124dc553dfcdf63ebb92",
                "sha256:bc5e87b72371da87c9bebc68e54882aada9c3114e640de180f62d5da95749cd3",
                "sha256:be105382961745f88d8196bba5a69ee2c4455d87ad2a2e5d1eed6bd7fda4d3fd",
                "sha256:c06d2e340c7bf8b9ec71da2284beab8519a3908eab031f4ea126e8ccfc3fd567",
                "sha256:c2a799e79cee81a862216c47e5623c97b95f1abee8dd1f9eed736df23fb653fb",
                "sha256:cfe79844526dd92e3ecc9490b5031fca5f8ab607e1e858feba232b1b788ff0ea",
                "sha256:d510aef84d9852653d079c84f2f81a82d5d09815e625f35c95714e7364570ad4",
                "sha256:e02a0558e0c2ac8b8bbe6a6ac18c136767ec56b96a321e0dfde2173adfa5a504"
            ],
            "markers": "python_version >= '3.5'",
            "version": "==1.1.1"
        },
        "pyzmq": {
            "hashes": [
                "sha256:00dca814469436455399660247d74045172955459c0bd49b54a540ce4d652185",
                "sha256:046b92e860914e39612e84fa760fc3f16054d268c11e0e25dcb011fb1bc6a075",
                "sha256:09d24a80ccb8cbda1af6ed8eb26b005b6743e58e9290566d2a6841f4e31fa8e0",
                "sha256:0a422fc290d03958899743db091f8154958410fc76ce7ee0ceb66150f72c2c97",
                "sha256:18189fc59ff5bf46b7ccf5a65c1963326dbfc85a2bc73e9f4a90a40322b992c8",
                "sha256:276ad604bffd70992a386a84bea34883e696a6b22e7378053e5d3227321d9702",
                "sha256:296540a065c8c21b26d63e3cea2d1d57902373b16e4256afe46422691903a438",
                "sha256:29d51279060d0a70f551663bc592418bcad7f4be4eea7b324f6dd81de05cb4c1",
                "sha256:36ab114021c0cab1a423fe6689355e8f813979f2c750968833b318c1fa10a0fd",
                "sha256:3fa6debf4bf9412e59353defad1f8035a1e68b66095a94ead8f7a61ae90b2675",
                "sha256:5120c64646e75f6db20cc16b9a94203926ead5d633de9feba4f137004241221d",
                "sha256:59f1e54627483dcf61c663941d94c4af9bf4163aec334171686cdaee67974fe5",
                "sha256:5d9fc809aa8d636e757e4ced2302569d6e60e9b9c26114a83f0d9d6519c40493",
                "sha256:654d3e06a4edc566b416c10293064732516cf8871a4522e0a2ba00cc2a2e600c",
                "sha256:720d2b6083498a9281eaee3f2927486e9fe02cd16d13a844f2e95217f243efea",
                "sha256:73483a2caaa0264ac717af33d6fb3f143d8379e60a422730ee8d010526ce1913",
                "sha256:8a6ada5a3f719bf46a04ba38595073df8d6b067316c011180102ba2a1925f5b5",
                "sha256:8b66b94fe6243d2d1d89bca336b2424399aac57932858b9a30309803ffc28112",
                "sha256:949a219493a861c263b75a16588eadeeeab08f372e25ff4a15a00f73dfe341f4",
                "sha256:99cc0e339a731c6a34109e5c4072aaa06d8e32c0b93dc2c2d90345dd45fa196c",
                "sha256:a7e7f930039ee0c4c26e4dfee015f20bd6919cd8b97c9cd7afbde2923a5167b6",
                "sha256:ab0d01148d13854de716786ca73701012e07dff4dfbbd68c4e06d8888743526e",
                "sha256:b1dd4cf4c5e09cbeef0aee83f3b8af1e9986c086a8927b261c042655607571e8",
                "sha256:c1a31cd42905b405530e92bdb70a8a56f048c8a371728b8acf9d746ecd4482c0",
                "sha256:c20dd60b9428f532bc59f2ef6d3b1029a28fc790d408af82f871a7db03e722ff",
                "sha256:c36ffe1e5aa35a1af6a96640d723d0d211c5f48841735c2aa8d034204e87eb87",
                "sha256:c40fbb2b9933369e994b837ee72193d6a4c35dfb9a7c573257ef7ff28961272c",
                "sha256:c6d653bab76b3925c65d4ac2ddbdffe09710f3f41cc7f177299e8c4498adb04a",
                "sha256:d46fb17f5693244de83e434648b3dbb4f4b0fec88415d6cbab1c1452b6f2ae17",
                "sha256:e36f12f503511d72d9bdfae11cadbadca22ff632ff67c1b5459f69756a029c19",
                "sha256:f1a25a61495b6f7bb986accc5b597a3541d9bd3ef0016f50be16dbb32025b302",
                "sha256:fa411b1d8f371d3a49d31b0789eb6da2537dadbb2aef74a43aa99a78195c3f76"
            ],
            "markers": "python_version >= '2.7' and python_version not in '3.0, 3.1, 3.2'",
            "version": "==19.0.2"
        },
        "requests": {
            "hashes": [
                "sha256:b3559a131db72c33ee969480840fff4bb6dd111de7dd27c8ee1f820f4f00231b",
                "sha256:fe75cc94a9443b9246fc7049224f75604b113c36acb93f87b80ed42c44cbb898"
            ],
            "markers": "python_version >= '2.7' and python_version not in '3.0, 3.1, 3.2, 3.3, 3.4'",
            "version": "==2.24.0"
        },
        "s3fs": {
            "hashes": [
                "sha256:7396943cbc1cf92eb6f7aa93be5f64a3bfa59d76908262e89bae06e3c87fa59d",
                "sha256:b9415e12e14fab44a67e505017b128ac6a5e63204d74d6622100ae10c764172e"
            ],
            "index": "pypi",
            "version": "==0.5.1"
        },
        "scikit-image": {
            "hashes": [
                "sha256:076d016d63bc7b9e80f94935bee06df0db08f5439d8fdc8fcc1de7993363ea26",
                "sha256:4f444b402a47cd72f8cb6c199e77b3ebdfb42d84a7b7679054df3491b943cc1a",
                "sha256:5427094484d8ce3fff46c3a236a45503e3bd8f4d7fd0c80dd60669bf59aedb96",
                "sha256:6db6131a8690593998b794b3658e39673b74f8a5c2bf9cd609cf99f9cf4e0ad4",
                "sha256:77a636bdc08c7668a15951894548c527f0c8c5c2abc86cb850de17551af51e3e",
                "sha256:995a0d22f2b91ebd0a25a045fe291042254f88e41fff5202a702c0372b674ca5",
                "sha256:c3e7d08b7657323902930b80156a2f956f5ca9cfa3ddfc94699bf00c8e95ae0e",
                "sha256:d77b3f7a0ac714de4f7a5b8c28e1bf41ba886253fbfc6c5db7f992264be16ce6",
                "sha256:f39700c8e859939740887435ad61b84e53894c4877f3bd94af97a335a556066b",
                "sha256:f8612d2d1dd66461791da6a80fa27e0cbced1790fa4e32555db785aed4892f81"
            ],
            "index": "pypi",
            "version": "==0.13.0"
        },
        "scikit-learn": {
            "hashes": [
                "sha256:13136c6e4f6b808569f7f59299d439b2cd718f85d72ea14b5b6077d44ebc7d17",
                "sha256:370919e3148253fd6552496c33a1e3d78290a336fc8d1b9349d9e9770fae6ec0",
                "sha256:3775cca4ce3f94508bb7c8a6b113044b78c16b0a30a5c169ddeb6b9fe57a8a72",
                "sha256:42f3c5bd893ed73bf47ccccf04dfb98fae743f397d688bb58c2238c0e6ec15d2",
                "sha256:56cfa19c31edf62e6414da0a337efee37a4af488b135640e67238786b9be6ab3",
                "sha256:5c9ff456d67ef9094e5ea272fff2be05d399a47fc30c6c8ed653b94bdf787bd1",
                "sha256:5ca0ad32ee04abe0d4ba02c8d89d501b4e5e0304bdf4d45c2e9875a735b323a0",
                "sha256:5db9e68a384ce80a17fc449d4d5d9b45025fe17cf468429599bf404eccb51049",
                "sha256:6e0899953611d0c47c0d49c5950082ab016b38811fced91cd2dcc889dd94f50a",
                "sha256:72c194c5092e921d6107a8de8a5adae58c35bbc54e030ba624b6f02fd823bb21",
                "sha256:871669cdb5b3481650fe3adff46eb97c455e30ecdc307eaf382ef90d4e2570ab",
                "sha256:873245b03361710f47c5410a050dc56ee8ae97b9f8dcc6e3a81521ca2b64ad10",
                "sha256:8b17fc29554c5c98d88142f895516a5bec2b6b61daa815e1193a64c868ad53d2",
                "sha256:95b155ef6bf829ddfba6026f100ba8e4218b7171ecab97b2163bc9e8d206848f",
                "sha256:a21cf8217e31a9e8e32c559246e05e6909981816152406945ae2e3e244dfcc1f",
                "sha256:a58746d4f389ea7df1d908dba8b52f709835f91c342f459a3ade5424330c69d1",
                "sha256:b2a10e2f9b73de10d8486f7a23549093436062b69139158802910a0f154aa53b",
                "sha256:ba3fd442ae1a46830789b3578867daaf2c8409dcca6bf192e30e85beeabbfc2f",
                "sha256:ce78bf4d10bd7e28807c36c6d2ab25a9934aaf80906ad987622a5e45627d91a2",
                "sha256:d384e6f9a055b7a43492f9d27779adb717eb5dcf78b0603b01d0f070a608d241",
                "sha256:d4da369614e55540c7e830ccdd17ab4fe5412ff8e803a4906d3ece393e2e3a63",
                "sha256:ddc1eb10138ae93c136cc4b5945d3977f302b5d693592a4731b2805a7d7f2a74",
                "sha256:e54a3dd1fe1f8124de90b93c48d120e6da2ea8df29b6895325df01ddc1bd8e26",
                "sha256:ee8c3b1898c728b6e5b5659c233f547700a1fea13ce876b6fe7d3434c70cc0e0",
                "sha256:f528c4b2bba652cf116f5cccf36f4db95a7f9cbfcd1ee549c4e8d0f8628783b5",
                "sha256:f9abae483f4d52acd6f660addb1b67e35dc5748655250af479de2ea6aefc6df0",
                "sha256:fdc39e89bd3466befb76dfc0c258d4ccad159df974954a87de3be5759172a067"
            ],
            "index": "pypi",
            "version": "==0.19.1"
        },
        "scipy": {
            "hashes": [
                "sha256:023ee29faa76c184a607e21076f097dc32f3abba7c71ece374588f95920aa993",
                "sha256:1e8fedf602859b541ebae78667ccfc53158edef58d9ee19ee659309004565952",
                "sha256:2a26d06a642e3c9107ca06df125f5dc5507abe2b87fd7865415d03ab654b0b43",
                "sha256:2a3b6ceadbb58d8b8d4a329f8219f9e6f17757ec6c85baf03987bbd2b728c263",
                "sha256:2c9e87d556b83a8e11de7a064856c3997bbaff7f9cf62bf63ff0623751549e4c",
                "sha256:2dc9bcfaa585d9d941fb1add0d160556fe8587c3800264a77643695565a2d279",
                "sha256:4118647273c907ed984da52b71fa2bbb30229f1820fb79b1ed087c8bc9a20cca",
                "sha256:4c26ef44e8bb2cd2aef11c60d163caa04670d6f42996789b209526677310ded2",
                "sha256:4de84e3870228e8afd55a6e63e762aa7c9d1e3bd9a9ef5ab716835a69c77d257",
                "sha256:78713101b32af384c564837fd7ae665a2a72cb6d49edbd8f32148d74724a65a8",
                "sha256:909be30bdd1d8cd57609760ea72a1499543169ed6ea5c66fad50946582682cf8",
                "sha256:93825cc80c638d901099f657dfff852ad2421beb51cb7d1d3f91157741ebe287",
                "sha256:a19a2ca7a7336495ec180adeaa0dfdcf41e96dbbee90d51c3ed828ba570884e6",
                "sha256:b3e97be2cd9f052d984fc5ba2d441897971b744c64d658617944c47bc366f8ff",
                "sha256:b87a923ed390ba0aafcbbcc6f0e023d495f19d2bd22ae59bdef3b0aec6485b39"
            ],
            "index": "pypi",
            "version": "==0.19.1"
        },
        "six": {
            "hashes": [
                "sha256:30639c035cdb23534cd4aa2dd52c3bf48f06e5f4a941509c8bafd8ce11080259",
                "sha256:8b74bedcbbbaca38ff6d7491d76f2b06b3592611af620f8426e82dddb04a5ced"
            ],
            "markers": "python_version >= '2.7' and python_version not in '3.0, 3.1, 3.2'",
            "version": "==1.15.0"
        },
        "termcolor": {
            "hashes": [
                "sha256:1d6d69ce66211143803fbc56652b41d73b4a400a2891d7bf7a1cdf4c02de613b"
            ],
            "index": "pypi",
            "version": "==1.1.0"
        },
        "torch": {
            "hashes": [
                "sha256:11054f26eee5c3114d217201dba5b3a35f1745d11133c123c077c5981bc95997",
                "sha256:1520c48430dea38e5845b7b3defc9054edad45f1f245808aa268ade840bb2c2a",
                "sha256:6b0c9b56cb56afe3ecbac79351d21c6f7172dffc7b7daa8c365f660541baf1a5",
                "sha256:89cb8774243750bd3fd2b3b3d09bab6e3be68b1785ad48b8411f1eb4fc7acdba",
                "sha256:b8000e39600e101b2f19dbbab75de663a3b78e3979c3e1720b7136aae1c35ce2",
                "sha256:e8cc3b2c3937b7ae036a3b447a189af049bfc006bca054fc1d8ae78766ca3105"
            ],
            "index": "pypi",
            "version": "==1.7.0"
        },
        "torchfile": {
            "hashes": [
                "sha256:a53dfe134b737845a9f2cb24fe0585317874f965932cebdb0439d13c8da4136e"
            ],
            "version": "==0.1.0"
        },
        "tornado": {
            "hashes": [
                "sha256:1fb8e494cd46c674d86fac5885a3ff87b0e283937a47d74eb3c02a48c9e89ad0",
                "sha256:2b40720a7b164848ca5c51fab0feac7e3717adcb87bec77f81f7809b72bf7f56",
                "sha256:62a5d4c66bf4e86d25a02e9de97293860b59e61f9c465e80336ba0fc308aacf6",
                "sha256:e66f47db4753c6f6849af1f82f04bdc7d2c1f5d64b7cc11ddd17230295c8887f",
                "sha256:f109c066411c44bcd3bc877267b45feb8e29092ede59dd0582739444c2344b00"
            ],
            "index": "pypi",
            "version": "==4.5.2"
        },
        "typing-extensions": {
            "hashes": [
                "sha256:7cb407020f00f7bfc3cb3e7881628838e69d8f3fcab2f64742a5e76b2f841918",
                "sha256:99d4073b617d30288f569d3f13d2bd7548c3a7e4c8de87db09a9d29bb3a4a60c",
                "sha256:dafc7639cde7f1b6e1acc0f457842a83e722ccca8eef5270af2d74792619a89f"
            ],
            "markers": "python_version < '3.8'",
            "version": "==3.7.4.3"
        },
        "urllib3": {
            "hashes": [
                "sha256:8d7eaa5a82a1cac232164990f04874c594c9453ec55eef02eab885aa02fc17a2",
                "sha256:f5321fbe4bf3fefa0efd0bfe7fb14e90909eb62a48ccda331726b4319897dd5e"
            ],
            "markers": "python_version != '3.4'",
            "version": "==1.25.11"
        },
        "visdom": {
            "hashes": [
                "sha256:62732c1e912b8a0819cb3c69a429d0360c291559511ff99932f12bd3f1d1a8bd"
            ],
            "index": "pypi",
            "version": "==0.1.7"
        },
        "wrapt": {
            "hashes": [
                "sha256:b62ffa81fb85f4332a4f609cab4ac40709470da05643a082ec1eb88e6d9b97d7"
            ],
            "version": "==1.12.1"
        },
        "yarl": {
            "hashes": [
                "sha256:03b7a44384ad60be1b7be93c2a24dc74895f8d767ea0bce15b2f6fc7695a3843",
                "sha256:076157404db9db4bb3fa9db22db319bbb36d075eeab19ba018ce20ae0cacf037",
                "sha256:1c05ae3d5ea4287470046a2c2754f0a4c171b84ea72c8a691f776eb1753dfb91",
                "sha256:2467baf8233f7c64048df37e11879c553943ffe7f373e689711ec2807ea13805",
                "sha256:2bb2e21cf062dfbe985c3cd4618bae9f25271efcad9e7be1277861247eee9839",
                "sha256:311effab3b3828ab34f0e661bb57ff422f67d5c33056298bda4c12195251f8dd",
                "sha256:3526cb5905907f0e42bee7ef57ae4a5f02bc27dcac27859269e2bba0caa4c2b6",
                "sha256:39b1e586f34b1d2512c9b39aa3cf24c870c972d525e36edc9ee19065db4737bb",
                "sha256:4bed5cd7c8e69551eb19df15295ba90e62b9a6a1149c76eb4a9bab194402a156",
                "sha256:51c6d3cf7a1f1fbe134bb92f33b7affd94d6de24cd64b466eb12de52120fb8c6",
                "sha256:59f78b5da34ddcffb663b772f7619e296518712e022e57fc5d9f921818e2ab7c",
                "sha256:6f29115b0c330da25a04f48612d75333bca04521181a666ca0b8761005a99150",
                "sha256:73d4e1e1ef5e52d526c92f07d16329e1678612c6a81dd8101fdcae11a72de15c",
                "sha256:9b48d31f8d881713fd461abfe7acbb4dcfeb47cec3056aa83f2fbcd2244577f7",
                "sha256:a1fd575dd058e10ad4c35065e7c3007cc74d142f622b14e168d8a273a2fa8713",
                "sha256:b3dd1052afd436ba737e61f5d3bed1f43a7f9a33fc58fbe4226eb919a7006019",
                "sha256:b99c25ed5c355b35d1e6dae87ac7297a4844a57dc5766b173b88b6163a36eb0d",
                "sha256:c056e86bff5a0b566e0d9fab4f67e83b12ae9cbcd250d334cbe2005bbe8c96f2",
                "sha256:c45b49b59a5724869899798e1bbd447ac486215269511d3b76b4c235a1b766b6",
                "sha256:cd623170c729a865037828e3f99f8ebdb22a467177a539680dfc5670b74c84e2",
                "sha256:d25d3311794e6c71b608d7c47651c8f65eea5ab15358a27f29330b3475e8f8e5",
                "sha256:d695439c201ed340745250f9eb4dfe8d32bf1e680c16477107b8f3ce4bff4fdb",
                "sha256:d77f6c9133d2aabb290a7846aaa74ec14d7b5ab35b01591fac5a70c4a8c959a2",
                "sha256:d894a2442d2cd20a3b0b0dce5a353d316c57d25a2b445e03f7eac90eee27b8af",
                "sha256:db643ce2b58a4bd11a82348225c53c76ecdd82bb37cf4c085e6df1b676f4038c",
                "sha256:e3a0c43a26dfed955b2a06fdc4d51d2c51bc2200aff8ce8faf14e676ea8c8862",
                "sha256:e77bf79ad1ccae672eab22453838382fe9029fc27c8029e84913855512a587d8",
                "sha256:f2f0174cb15435957d3b751093f89aede77df59a499ab7516bbb633b77ead13a",
                "sha256:f3031c78edf10315abe232254e6a36b65afe65fded41ee54ed7976d0b2cdf0da",
                "sha256:f4c007156732866aa4507d619fe6f8f2748caabed4f66b276ccd97c82572620c",
                "sha256:f4f27ff3dd80bc7c402def211a47291ea123d59a23f59fe18fc0e81e3e71f385",
                "sha256:f57744fc61e118b5d114ae8077d8eb9df4d2d2c11e2af194e21f0c11ed9dcf6c",
                "sha256:f835015a825980b65356e9520979a1564c56efea7da7d4b68a14d4a07a3a7336"
            ],
            "markers": "python_version >= '3.6'",
            "version": "==1.6.2"
        }
    },
    "develop": {}
}
